<?xml version="1.0" encoding="utf-8"?>
<Project ToolsVersion="4.0" xmlns="http://schemas.microsoft.com/developer/msbuild/2003">
  <ItemGroup>
    <ClInclude Include="joaalmcon-LibSS.h" />
  </ItemGroup>
  <ItemGroup>
    <ClCompile Include="Firma_joaalmcon.cpp" />
    <ClCompile Include="joaalmcon-CheckError.cpp" />
    <ClCompile Include="joaalmcon-MideRetraso.cpp" />
  </ItemGroup>
</Project>